
Microsoft Visual Studio Solution File, Format Version 12.00
# Visual Studio Version 17
VisualStudioVersion = 17.5.33627.172
MinimumVisualStudioVersion = 10.0.40219.1
Project("{9A19103F-16F7-4668-BE54-9A1E7A4F7556}") = "TeklifPanelWebUI", "TeklifPanelWebUI\TeklifPanelWebUI.csproj", "{707EAFEC-3240-4DF9-9CC4-F54E0925D53F}"
EndProject
Project("{9A19103F-16F7-4668-BE54-9A1E7A4F7556}") = "TeklifPanel.Entity", "TeklifPanel.Entity\TeklifPanel.Entity.csproj", "{A12D1575-F5E8-4109-8D18-1C253FD295C7}"
EndProject
Project("{9A19103F-16F7-4668-BE54-9A1E7A4F7556}") = "TeklifPanel.Business", "TeklifPanel.Business\TeklifPanel.Business.csproj", "{8CB14DFE-0CB4-4B82-95FD-61705A9D14FC}"
EndProject
Project("{9A19103F-16F7-4668-BE54-9A1E7A4F7556}") = "TeklifPanel.Data", "TeklifPanel.Data\TeklifPanel.Data.csproj", "{7F2321D7-DD02-46B5-A25F-FDDC6564485D}"
EndProject
Project("{FAE04EC0-301F-11D3-BF4B-00C04F79EFBC}") = "TeklifPanel.Core", "TeklifPanel.Core\TeklifPanel.Core.csproj", "{629D308C-6A5B-48B0-9068-A24CDF56D3D2}"
EndProject
Global
	GlobalSection(SolutionConfigurationPlatforms) = preSolution
		Debug|Any CPU = Debug|Any CPU
		Release|Any CPU = Release|Any CPU
	EndGlobalSection
	GlobalSection(ProjectConfigurationPlatforms) = postSolution
		{707EAFEC-3240-4DF9-9CC4-F54E0925D53F}.Debug|Any CPU.ActiveCfg = Debug|Any CPU
		{707EAFEC-3240-4DF9-9CC4-F54E0925D53F}.Debug|Any CPU.Build.0 = Debug|Any CPU
		{707EAFEC-3240-4DF9-9CC4-F54E0925D53F}.Release|Any CPU.ActiveCfg = Release|Any CPU
		{707EAFEC-3240-4DF9-9CC4-F54E0925D53F}.Release|Any CPU.Build.0 = Release|Any CPU
		{A12D1575-F5E8-4109-8D18-1C253FD295C7}.Debug|Any CPU.ActiveCfg = Debug|Any CPU
		{A12D1575-F5E8-4109-8D18-1C253FD295C7}.Debug|Any CPU.Build.0 = Debug|Any CPU
		{A12D1575-F5E8-4109-8D18-1C253FD295C7}.Release|Any CPU.ActiveCfg = Release|Any CPU
		{A12D1575-F5E8-4109-8D18-1C253FD295C7}.Release|Any CPU.Build.0 = Release|Any CPU
		{8CB14DFE-0CB4-4B82-95FD-61705A9D14FC}.Debug|Any CPU.ActiveCfg = Debug|Any CPU
		{8CB14DFE-0CB4-4B82-95FD-61705A9D14FC}.Debug|Any CPU.Build.0 = Debug|Any CPU
		{8CB14DFE-0CB4-4B82-95FD-61705A9D14FC}.Release|Any CPU.ActiveCfg = Release|Any CPU
		{8CB14DFE-0CB4-4B82-95FD-61705A9D14FC}.Release|Any CPU.Build.0 = Release|Any CPU
		{7F2321D7-DD02-46B5-A25F-FDDC6564485D}.Debug|Any CPU.ActiveCfg = Debug|Any CPU
		{7F2321D7-DD02-46B5-A25F-FDDC6564485D}.Debug|Any CPU.Build.0 = Debug|Any CPU
		{7F2321D7-DD02-46B5-A25F-FDDC6564485D}.Release|Any CPU.ActiveCfg = Release|Any CPU
		{7F2321D7-DD02-46B5-A25F-FDDC6564485D}.Release|Any CPU.Build.0 = Release|Any CPU
		{629D308C-6A5B-48B0-9068-A24CDF56D3D2}.Debug|Any CPU.ActiveCfg = Debug|Any CPU
		{629D308C-6A5B-48B0-9068-A24CDF56D3D2}.Debug|Any CPU.Build.0 = Debug|Any CPU
		{629D308C-6A5B-48B0-9068-A24CDF56D3D2}.Release|Any CPU.ActiveCfg = Release|Any CPU
		{629D308C-6A5B-48B0-9068-A24CDF56D3D2}.Release|Any CPU.Build.0 = Release|Any CPU
	EndGlobalSection
	GlobalSection(SolutionProperties) = preSolution
		HideSolutionNode = FALSE
	EndGlobalSection
	GlobalSection(ExtensibilityGlobals) = postSolution
		SolutionGuid = {B904E244-EB64-4D34-B05A-2F278B14CA82}
	EndGlobalSection
EndGlobal
